
Microsoft Visual Studio Solution File, Format Version 12.00
# Visual Studio 14
VisualStudioVersion = 14.0.23107.0
MinimumVisualStudioVersion = 10.0.40219.1
Project("{FAE04EC0-301F-11D3-BF4B-00C04F79EFBC}") = "Puissance4_FrontEnd", "Puissance4_FrontEnd\Puissance4_FrontEnd.csproj", "{DE4A921A-48E5-4E20-A5D3-04264B46044D}"
EndProject
Project("{FAE04EC0-301F-11D3-BF4B-00C04F79EFBC}") = "Puissance4_FrontEnd.Tests", "Puissance4_FrontEnd.Tests\Puissance4_FrontEnd.Tests.csproj", "{1ED90ACC-BFBA-4A8E-88AD-F78201479861}"
EndProject
Global
	GlobalSection(SolutionConfigurationPlatforms) = preSolution
		Debug|Any CPU = Debug|Any CPU
		Release|Any CPU = Release|Any CPU
	EndGlobalSection
	GlobalSection(ProjectConfigurationPlatforms) = postSolution
		{DE4A921A-48E5-4E20-A5D3-04264B46044D}.Debug|Any CPU.ActiveCfg = Debug|Any CPU
		{DE4A921A-48E5-4E20-A5D3-04264B46044D}.Debug|Any CPU.Build.0 = Debug|Any CPU
		{DE4A921A-48E5-4E20-A5D3-04264B46044D}.Release|Any CPU.ActiveCfg = Release|Any CPU
		{DE4A921A-48E5-4E20-A5D3-04264B46044D}.Release|Any CPU.Build.0 = Release|Any CPU
		{1ED90ACC-BFBA-4A8E-88AD-F78201479861}.Debug|Any CPU.ActiveCfg = Debug|Any CPU
		{1ED90ACC-BFBA-4A8E-88AD-F78201479861}.Debug|Any CPU.Build.0 = Debug|Any CPU
		{1ED90ACC-BFBA-4A8E-88AD-F78201479861}.Release|Any CPU.ActiveCfg = Release|Any CPU
		{1ED90ACC-BFBA-4A8E-88AD-F78201479861}.Release|Any CPU.Build.0 = Release|Any CPU
	EndGlobalSection
	GlobalSection(SolutionProperties) = preSolution
		HideSolutionNode = FALSE
	EndGlobalSection
EndGlobal
